
Microsoft Visual Studio Solution File, Format Version 12.00
# Visual Studio Version 17
VisualStudioVersion = 17.5.33424.131
MinimumVisualStudioVersion = 10.0.40219.1
Project("{FAE04EC0-301F-11D3-BF4B-00C04F79EFBC}") = "EPAMapp.API", "EPAMapp.API\EPAMapp.API.csproj", "{5D131726-5614-40B9-899C-0CFFE88BE63D}"
EndProject
Project("{FAE04EC0-301F-11D3-BF4B-00C04F79EFBC}") = "EPAMapp.DAL", "EPAMapp.DAL\EPAMapp.DAL.csproj", "{103510AE-989B-41ED-AB77-4B32C7F21549}"
EndProject
Project("{FAE04EC0-301F-11D3-BF4B-00C04F79EFBC}") = "EPAMapp.Domain", "EPAMapp.Domain\EPAMapp.Domain.csproj", "{66B7E126-BD06-4600-8B7A-F8A2EFA6B06E}"
EndProject
Project("{2150E333-8FDC-42A3-9474-1A3956D46DE8}") = "API", "API", "{226BD665-6E40-4E91-9E4C-1CF2EC9BF6EC}"
EndProject
Project("{2150E333-8FDC-42A3-9474-1A3956D46DE8}") = "Data", "Data", "{CE74B6A6-56F2-42CC-B261-EA60E726F231}"
EndProject
Project("{2150E333-8FDC-42A3-9474-1A3956D46DE8}") = "BL", "BL", "{0B759F11-0930-45D5-96B5-B3F817B25AF5}"
EndProject
Project("{FAE04EC0-301F-11D3-BF4B-00C04F79EFBC}") = "EPAMapp.Services", "EPAMapp.Services\EPAMapp.Services.csproj", "{C31BEB84-A504-483A-A4E4-ED0BAD736723}"
EndProject
Project("{2150E333-8FDC-42A3-9474-1A3956D46DE8}") = "DAL", "DAL", "{C56BAA33-D2C1-4500-9E4E-D18CA822736C}"
EndProject
Project("{2150E333-8FDC-42A3-9474-1A3956D46DE8}") = "Domain", "Domain", "{2CB5363B-C77A-459F-800A-61C7E1B45086}"
EndProject
Global
	GlobalSection(SolutionConfigurationPlatforms) = preSolution
		Debug|Any CPU = Debug|Any CPU
		Release|Any CPU = Release|Any CPU
	EndGlobalSection
	GlobalSection(ProjectConfigurationPlatforms) = postSolution
		{5D131726-5614-40B9-899C-0CFFE88BE63D}.Debug|Any CPU.ActiveCfg = Debug|Any CPU
		{5D131726-5614-40B9-899C-0CFFE88BE63D}.Debug|Any CPU.Build.0 = Debug|Any CPU
		{5D131726-5614-40B9-899C-0CFFE88BE63D}.Release|Any CPU.ActiveCfg = Release|Any CPU
		{5D131726-5614-40B9-899C-0CFFE88BE63D}.Release|Any CPU.Build.0 = Release|Any CPU
		{103510AE-989B-41ED-AB77-4B32C7F21549}.Debug|Any CPU.ActiveCfg = Debug|Any CPU
		{103510AE-989B-41ED-AB77-4B32C7F21549}.Debug|Any CPU.Build.0 = Debug|Any CPU
		{103510AE-989B-41ED-AB77-4B32C7F21549}.Release|Any CPU.ActiveCfg = Release|Any CPU
		{103510AE-989B-41ED-AB77-4B32C7F21549}.Release|Any CPU.Build.0 = Release|Any CPU
		{66B7E126-BD06-4600-8B7A-F8A2EFA6B06E}.Debug|Any CPU.ActiveCfg = Debug|Any CPU
		{66B7E126-BD06-4600-8B7A-F8A2EFA6B06E}.Debug|Any CPU.Build.0 = Debug|Any CPU
		{66B7E126-BD06-4600-8B7A-F8A2EFA6B06E}.Release|Any CPU.ActiveCfg = Release|Any CPU
		{66B7E126-BD06-4600-8B7A-F8A2EFA6B06E}.Release|Any CPU.Build.0 = Release|Any CPU
		{C31BEB84-A504-483A-A4E4-ED0BAD736723}.Debug|Any CPU.ActiveCfg = Debug|Any CPU
		{C31BEB84-A504-483A-A4E4-ED0BAD736723}.Debug|Any CPU.Build.0 = Debug|Any CPU
		{C31BEB84-A504-483A-A4E4-ED0BAD736723}.Release|Any CPU.ActiveCfg = Release|Any CPU
		{C31BEB84-A504-483A-A4E4-ED0BAD736723}.Release|Any CPU.Build.0 = Release|Any CPU
	EndGlobalSection
	GlobalSection(SolutionProperties) = preSolution
		HideSolutionNode = FALSE
	EndGlobalSection
	GlobalSection(NestedProjects) = preSolution
		{5D131726-5614-40B9-899C-0CFFE88BE63D} = {226BD665-6E40-4E91-9E4C-1CF2EC9BF6EC}
		{103510AE-989B-41ED-AB77-4B32C7F21549} = {C56BAA33-D2C1-4500-9E4E-D18CA822736C}
		{66B7E126-BD06-4600-8B7A-F8A2EFA6B06E} = {2CB5363B-C77A-459F-800A-61C7E1B45086}
		{0B759F11-0930-45D5-96B5-B3F817B25AF5} = {CE74B6A6-56F2-42CC-B261-EA60E726F231}
		{C31BEB84-A504-483A-A4E4-ED0BAD736723} = {0B759F11-0930-45D5-96B5-B3F817B25AF5}
		{C56BAA33-D2C1-4500-9E4E-D18CA822736C} = {CE74B6A6-56F2-42CC-B261-EA60E726F231}
		{2CB5363B-C77A-459F-800A-61C7E1B45086} = {CE74B6A6-56F2-42CC-B261-EA60E726F231}
	EndGlobalSection
	GlobalSection(ExtensibilityGlobals) = postSolution
		SolutionGuid = {0AE901B8-AC99-4FDF-81ED-4D450D852A9A}
	EndGlobalSection
EndGlobal
